// !$*UTF8*$!
{
	archiveVersion = 1;
	classes = {
	};
	objectVersion = 46;
	objects = {

/* Begin PBXBuildFile section */
		1DF499C31F05E567009B2C4A /* AppDelegate.swift in Sources */ = {isa = PBXBuildFile; fileRef = 1DF499C21F05E567009B2C4A /* AppDelegate.swift */; };
		1DF499C51F05E567009B2C4A /* ViewController.swift in Sources */ = {isa = PBXBuildFile; fileRef = 1DF499C41F05E567009B2C4A /* ViewController.swift */; };
		1DF499C81F05E567009B2C4A /* Main.storyboard in Resources */ = {isa = PBXBuildFile; fileRef = 1DF499C61F05E567009B2C4A /* Main.storyboard */; };
		1DF499CA1F05E567009B2C4A /* Assets.xcassets in Resources */ = {isa = PBXBuildFile; fileRef = 1DF499C91F05E567009B2C4A /* Assets.xcassets */; };
		1DF499CD1F05E567009B2C4A /* LaunchScreen.storyboard in Resources */ = {isa = PBXBuildFile; fileRef = 1DF499CB1F05E567009B2C4A /* LaunchScreen.storyboard */; };
		1DF499D51F05E584009B2C4A /* ScrollView.swift in Sources */ = {isa = PBXBuildFile; fileRef = 1DF499D41F05E584009B2C4A /* ScrollView.swift */; };
		1DF499DC1F05E5C1009B2C4A /* 1.png in Resources */ = {isa = PBXBuildFile; fileRef = 1DF499D71F05E5C1009B2C4A /* 1.png */; };
		1DF499DD1F05E5C1009B2C4A /* 2.png in Resources */ = {isa = PBXBuildFile; fileRef = 1DF499D81F05E5C1009B2C4A /* 2.png */; };
		1DF499DE1F05E5C1009B2C4A /* 3.png in Resources */ = {isa = PBXBuildFile; fileRef = 1DF499D91F05E5C1009B2C4A /* 3.png */; };
		1DF499DF1F05E5C1009B2C4A /* 4.png in Resources */ = {isa = PBXBuildFile; fileRef = 1DF499DA1F05E5C1009B2C4A /* 4.png */; };
		1DF499E01F05E5C1009B2C4A /* 5.png in Resources */ = {isa = PBXBuildFile; fileRef = 1DF499DB1F05E5C1009B2C4A /* 5.png */; };
/* End PBXBuildFile section */

/* Begin PBXFileReference section */
		1DF499BF1F05E567009B2C4A /* Auto-ScrollView.app */ = {isa = PBXFileReference; explicitFileType = wrapper.application; includeInIndex = 0; path = "Auto-ScrollView.app"; sourceTree = BUILT_PRODUCTS_DIR; };
		1DF499C21F05E567009B2C4A /* AppDelegate.swift */ = {isa = PBXFileReference; lastKnownFileType = sourcecode.swift; path = AppDelegate.swift; sourceTree = "<group>"; };
		1DF499C41F05E567009B2C4A /* ViewController.swift */ = {isa = PBXFileReference; lastKnownFileType = sourcecode.swift; path = ViewController.swift; sourceTree = "<group>"; };
		1DF499C71F05E567009B2C4A /* Base */ = {isa = PBXFileReference; lastKnownFileType = file.storyboard; name = Base; path = Base.lproj/Main.storyboard; sourceTree = "<group>"; };
		1DF499C91F05E567009B2C4A /* Assets.xcassets */ = {isa = PBXFileReference; lastKnownFileType = folder.assetcatalog; path = Assets.xcassets; sourceTree = "<group>"; };
		1DF499CC1F05E567009B2C4A /* Base */ = {isa = PBXFileReference; lastKnownFileType = file.storyboard; name = Base; path = Base.lproj/LaunchScreen.storyboard; sourceTree = "<group>"; };
		1DF499CE1F05E567009B2C4A /* Info.plist */ = {isa = PBXFileReference; lastKnownFileType = text.plist.xml; path = Info.plist; sourceTree = "<group>"; };
		1DF499D41F05E584009B2C4A /* ScrollView.swift */ = {isa = PBXFileReference; fileEncoding = 4; lastKnownFileType = sourcecode.swift; path = ScrollView.swift; sourceTree = "<group>"; };
		1DF499D71F05E5C1009B2C4A /* 1.png */ = {isa = PBXFileReference; lastKnownFileType = image.png; path = 1.png; sourceTree = "<group>"; };
		1DF499D81F05E5C1009B2C4A /* 2.png */ = {isa = PBXFileReference; lastKnownFileType = image.png; path = 2.png; sourceTree = "<group>"; };
		1DF499D91F05E5C1009B2C4A /* 3.png */ = {isa = PBXFileReference; lastKnownFileType = image.png; path = 3.png; sourceTree = "<group>"; };
		1DF499DA1F05E5C1009B2C4A /* 4.png */ = {isa = PBXFileReference; lastKnownFileType = image.png; path = 4.png; sourceTree = "<group>"; };
		1DF499DB1F05E5C1009B2C4A /* 5.png */ = {isa = PBXFileReference; lastKnownFileType = image.png; path = 5.png; sourceTree = "<group>"; };
/* End PBXFileReference section */

/* Begin PBXFrameworksBuildPhase section */
		1DF499BC1F05E567009B2C4A /* Frameworks */ = {
			isa = PBXFrameworksBuildPhase;
			buildActionMask = 2147483647;
			files = (
			);
			runOnlyForDeploymentPostprocessing = 0;
		};
/* End PBXFrameworksBuildPhase section */

/* Begin PBXGroup section */
		1DF499B61F05E567009B2C4A = {
			isa = PBXGroup;
			children = (
				1DF499C11F05E567009B2C4A /* Auto-ScrollView */,
				1DF499C01F05E567009B2C4A /* Products */,
			);
			sourceTree = "<group>";
		};
		1DF499C01F05E567009B2C4A /* Products */ = {
			isa = PBXGroup;
			children = (
				1DF499BF1F05E567009B2C4A /* Auto-ScrollView.app */,
			);
			name = Products;
			sourceTree = "<group>";
		};
		1DF499C11F05E567009B2C4A /* Auto-ScrollView */ = {
			isa = PBXGroup;
			children = (
				1DF499C21F05E567009B2C4A /* AppDelegate.swift */,
				1DF499C41F05E567009B2C4A /* ViewController.swift */,
				1DF499D41F05E584009B2C4A /* ScrollView.swift */,
				1DF499C61F05E567009B2C4A /* Main.storyboard */,
				1DF499C91F05E567009B2C4A /* Assets.xcassets */,
				1DF499CB1F05E567009B2C4A /* LaunchScreen.storyboard */,
				1DF499CE1F05E567009B2C4A /* Info.plist */,
				1DF499D61F05E5C1009B2C4A /* Images */,
			);
			path = "Auto-ScrollView";
			sourceTree = "<group>";
		};
		1DF499D61F05E5C1009B2C4A /* Images */ = {
			isa = PBXGroup;
			children = (
				1DF499D71F05E5C1009B2C4A /* 1.png */,
				1DF499D81F05E5C1009B2C4A /* 2.png */,
				1DF499D91F05E5C1009B2C4A /* 3.png */,
				1DF499DA1F05E5C1009B2C4A /* 4.png */,
				1DF499DB1F05E5C1009B2C4A /* 5.png */,
			);
			path = Images;
			sourceTree = "<group>";
		};
/* End PBXGroup section */

/* Begin PBXNativeTarget section */
		1DF499BE1F05E567009B2C4A /* Auto-ScrollView */ = {
			isa = PBXNativeTarget;
			buildConfigurationList = 1DF499D11F05E567009B2C4A /* Build configuration list for PBXNativeTarget "Auto-ScrollView" */;
			buildPhases = (
				1DF499BB1F05E567009B2C4A /* Sources */,
				1DF499BC1F05E567009B2C4A /* Frameworks */,
				1DF499BD1F05E567009B2C4A /* Resources */,
			);
			buildRules = (
			);
			dependencies = (
			);
			name = "Auto-ScrollView";
			productName = "Auto-ScrollView";
			productReference = 1DF499BF1F05E567009B2C4A /* Auto-ScrollView.app */;
			productType = "com.apple.product-type.application";
		};
/* End PBXNativeTarget section */

/* Begin PBXProject section */
		1DF499B71F05E567009B2C4A /* Project object */ = {
			isa = PBXProject;
			attributes = {
				LastSwiftUpdateCheck = 0830;
				LastUpgradeCheck = 0830;
				ORGANIZATIONNAME = CXZH;
				TargetAttributes = {
					1DF499BE1F05E567009B2C4A = {
						CreatedOnToolsVersion = 8.3.3;
						DevelopmentTeam = Z6U82V5B6T;
						ProvisioningStyle = Automatic;
					};
				};
			};
			buildConfigurationList = 1DF499BA1F05E567009B2C4A /* Build configuration list for PBXProject "Auto-ScrollView" */;
			compatibilityVersion = "Xcode 3.2";
			developmentRegion = English;
			hasScannedForEncodings = 0;
			knownRegions = (
				en,
				Base,
			);
			mainGroup = 1DF499B61F05E567009B2C4A;
			productRefGroup = 1DF499C01F05E567009B2C4A /* Products */;
			projectDirPath = "";
			projectRoot = "";
			targets = (
				1DF499BE1F05E567009B2C4A /* Auto-ScrollView */,
			);
		};
/* End PBXProject section */

/* Begin PBXResourcesBuildPhase section */
		1DF499BD1F05E567009B2C4A /* Resources */ = {
			isa = PBXResourcesBuildPhase;
			buildActionMask = 2147483647;
			files = (
				1DF499CD1F05E567009B2C4A /* LaunchScreen.storyboard in Resources */,
				1DF499DF1F05E5C1009B2C4A /* 4.png in Resources */,
				1DF499DC1F05E5C1009B2C4A /* 1.png in Resources */,
				1DF499DD1F05E5C1009B2C4A /* 2.png in Resources */,
				1DF499DE1F05E5C1009B2C4A /* 3.png in Resources */,
				1DF499E01F05E5C1009B2C4A /* 5.png in Resources */,
				1DF499CA1F05E567009B2C4A /* Assets.xcassets in Resources */,
				1DF499C81F05E567009B2C4A /* Main.storyboard in Resources */,
			);
			runOnlyForDeploymentPostprocessing = 0;
		};
/* End PBXResourcesBuildPhase section */

/* Begin PBXSourcesBuildPhase section */
		1DF499BB1F05E567009B2C4A /* Sources */ = {
			isa = PBXSourcesBuildPhase;
			buildActionMask = 2147483647;
			files = (
				1DF499C51F05E567009B2C4A /* ViewController.swift in Sources */,
				1DF499C31F05E567009B2C4A /* AppDelegate.swift in Sources */,
				1DF499D51F05E584009B2C4A /* ScrollView.swift in Sources */,
			);
			runOnlyForDeploymentPostprocessing = 0;
		};
/* End PBXSourcesBuildPhase section */

/* Begin PBXVariantGroup section */
		1DF499C61F05E567009B2C4A /* Main.storyboard */ = {
			isa = PBXVariantGroup;
			children = (
				1DF499C71F05E567009B2C4A /* Base */,
			);
			name = Main.storyboard;
			sourceTree = "<group>";
		};
		1DF499CB1F05E567009B2C4A /* LaunchScreen.storyboard */ = {
			isa = PBXVariantGroup;
			children = (
				1DF499CC1F05E567009B2C4A /* Base */,
			);
			name = LaunchScreen.storyboard;
			sourceTree = "<group>";
		};
/* End PBXVariantGroup section */

/* Begin XCBuildConfiguration section */
		1DF499CF1F05E567009B2C4A /* Debug */ = {
			isa = XCBuildConfiguration;
			buildSettings = {
				ALWAYS_SEARCH_USER_PATHS = NO;
				CLANG_ANALYZER_NONNULL = YES;
				CLANG_ANALYZER_NUMBER_OBJECT_CONVERSION = YES_AGGRESSIVE;
				CLANG_CXX_LANGUAGE_STANDARD = "gnu++0x";
				CLANG_CXX_LIBRARY = "libc++";
				CLANG_ENABLE_MODULES = YES;
				CLANG_ENABLE_OBJC_ARC = YES;
				CLANG_WARN_BOOL_CONVERSION = YES;
				CLANG_WARN_CONSTANT_CONVERSION = YES;
				CLANG_WARN_DIRECT_OBJC_ISA_USAGE = YES_ERROR;
				CLANG_WARN_DOCUMENTATION_COMMENTS = YES;
				CLANG_WARN_EMPTY_BODY = YES;
				CLANG_WARN_ENUM_CONVERSION = YES;
				CLANG_WARN_INFINITE_RECURSION = YES;
				CLANG_WARN_INT_CONVERSION = YES;
				CLANG_WARN_OBJC_ROOT_CLASS = YES_ERROR;
				CLANG_WARN_SUSPICIOUS_MOVE = YES;
				CLANG_WARN_UNREACHABLE_CODE = YES;
				CLANG_WARN__DUPLICATE_METHOD_MATCH = YES;
				"CODE_SIGN_IDENTITY[sdk=iphoneos*]" = "iPhone Developer";
				COPY_PHASE_STRIP = NO;
				DEBUG_INFORMATION_FORMAT = dwarf;
				ENABLE_STRICT_OBJC_MSGSEND = YES;
				ENABLE_TESTABILITY = YES;
				GCC_C_LANGUAGE_STANDARD = gnu99;
				GCC_DYNAMIC_NO_PIC = NO;
				GCC_NO_COMMON_BLOCKS = YES;
				GCC_OPTIMIZATION_LEVEL = 0;
				GCC_PREPROCESSOR_DEFINITIONS = (
					"DEBUG=1",
					"$(inherited)",
				);
				GCC_WARN_64_TO_32_BIT_CONVERSION = YES;
				GCC_WARN_ABOUT_RETURN_TYPE = YES_ERROR;
				GCC_WARN_UNDECLARED_SELECTOR = YES;
				GCC_WARN_UNINITIALIZED_AUTOS = YES_AGGRESSIVE;
				GCC_WARN_UNUSED_FUNCTION = YES;
				GCC_WARN_UNUSED_VARIABLE = YES;
				IPHONEOS_DEPLOYMENT_TARGET = 10.3;
				MTL_ENABLE_DEBUG_INFO = YES;
				ONLY_ACTIVE_ARCH = YES;
				SDKROOT = iphoneos;
				SWIFT_ACTIVE_COMPILATION_CONDITIONS = DEBUG;
				SWIFT_OPTIMIZATION_LEVEL = "-Onone";
			};
			name = Debug;
		};
		1DF499D01F05E567009B2C4A /* Release */ = {
			isa = XCBuildConfiguration;
			buildSettings = {
				ALWAYS_SEARCH_USER_PATHS = NO;
				CLANG_ANALYZER_NONNULL = YES;
				CLANG_ANALYZER_NUMBER_OBJECT_CONVERSION = YES_AGGRESSIVE;
				CLANG_CXX_LANGUAGE_STANDARD = "gnu++0x";
				CLANG_CXX_LIBRARY = "libc++";
				CLANG_ENABLE_MODULES = YES;
				CLANG_ENABLE_OBJC_ARC = YES;
				CLANG_WARN_BOOL_CONVERSION = YES;
				CLANG_WARN_CONSTANT_CONVERSION = YES;
				CLANG_WARN_DIRECT_OBJC_ISA_USAGE = YES_ERROR;
				CLANG_WARN_DOCUMENTATION_COMMENTS = YES;
				CLANG_WARN_EMPTY_BODY = YES;
				CLANG_WARN_ENUM_CONVERSION = YES;
				CLANG_WARN_INFINITE_RECURSION = YES;
				CLANG_WARN_INT_CONVERSION = YES;
				CLANG_WARN_OBJC_ROOT_CLASS = YES_ERROR;
				CLANG_WARN_SUSPICIOUS_MOVE = YES;
				CLANG_WARN_UNREACHABLE_CODE = YES;
				CLANG_WARN__DUPLICATE_METHOD_MATCH = YES;
				"CODE_SIGN_IDENTITY[sdk=iphoneos*]" = "iPhone Developer";
				COPY_PHASE_STRIP = NO;
				DEBUG_INFORMATION_FORMAT = "dwarf-with-dsym";
				ENABLE_NS_ASSERTIONS = NO;
				ENABLE_STRICT_OBJC_MSGSEND = YES;
				GCC_C_LANGUAGE_STANDARD = gnu99;
				GCC_NO_COMMON_BLOCKS = YES;
				GCC_WARN_64_TO_32_BIT_CONVERSION = YES;
				GCC_WARN_ABOUT_RETURN_TYPE = YES_ERROR;
				GCC_WARN_UNDECLARED_SELECTOR = YES;
				GCC_WARN_UNINITIALIZED_AUTOS = YES_AGGRESSIVE;
				GCC_WARN_UNUSED_FUNCTION = YES;
				GCC_WARN_UNUSED_VARIABLE = YES;
				IPHONEOS_DEPLOYMENT_TARGET = 10.3;
				MTL_ENABLE_DEBUG_INFO = NO;
				SDKROOT = iphoneos;
				SWIFT_OPTIMIZATION_LEVEL = "-Owholemodule";
				VALIDATE_PRODUCT = YES;
			};
			name = Release;
		};
		1DF499D21F05E567009B2C4A /* Debug */ = {
			isa = XCBuildConfiguration;
			buildSettings = {
				ASSETCATALOG_COMPILER_APPICON_NAME = AppIcon;
				DEVELOPMENT_TEAM = Z6U82V5B6T;
				INFOPLIST_FILE = "Auto-ScrollView/Info.plist";
				LD_RUNPATH_SEARCH_PATHS = "$(inherited) @executable_path/Frameworks";
				PRODUCT_BUNDLE_IDENTIFIER = "com.CXZH.Auto-ScrollView";
				PRODUCT_NAME = "$(TARGET_NAME)";
				SWIFT_VERSION = 3.0;
			};
			name = Debug;
		};
		1DF499D31F05E567009B2C4A /* Release */ = {
			isa = XCBuildConfiguration;
			buildSettings = {
				ASSETCATALOG_COMPILER_APPICON_NAME = AppIcon;
				DEVELOPMENT_TEAM = Z6U82V5B6T;
				INFOPLIST_FILE = "Auto-ScrollView/Info.plist";
				LD_RUNPATH_SEARCH_PATHS = "$(inherited) @executable_path/Frameworks";
				PRODUCT_BUNDLE_IDENTIFIER = "com.CXZH.Auto-ScrollView";
				PRODUCT_NAME = "$(TARGET_NAME)";
				SWIFT_VERSION = 3.0;
			};
			name = Release;
		};
/* End XCBuildConfiguration section */

/* Begin XCConfigurationList section */
		1DF499BA1F05E567009B2C4A /* Build configuration list for PBXProject "Auto-ScrollView" */ = {
			isa = XCConfigurationList;
			buildConfigurations = (
				1DF499CF1F05E567009B2C4A /* Debug */,
				1DF499D01F05E567009B2C4A /* Release */,
			);
			defaultConfigurationIsVisible = 0;
			defaultConfigurationName = Release;
		};
		1DF499D11F05E567009B2C4A /* Build configuration list for PBXNativeTarget "Auto-ScrollView" */ = {
			isa = XCConfigurationList;
			buildConfigurations = (
				1DF499D21F05E567009B2C4A /* Debug */,
				1DF499D31F05E567009B2C4A /* Release */,
			);
			defaultConfigurationIsVisible = 0;
		};
/* End XCConfigurationList section */
	};
	rootObject = 1DF499B71F05E567009B2C4A /* Project object */;
}
